
Microsoft Visual Studio Solution File, Format Version 12.00
# Visual Studio 2013
VisualStudioVersion = 12.0.21005.1
MinimumVisualStudioVersion = 10.0.40219.1
Project("{FAE04EC0-301F-11D3-BF4B-00C04F79EFBC}") = "WebDavTest", "WebDavTest\WebDavTest.csproj", "{4E67C431-F66C-4113-B6B2-5993AFBD3E13}"
EndProject
Project("{FAE04EC0-301F-11D3-BF4B-00C04F79EFBC}") = "Sphorium.WebDAV.Examples.FileServer.Module", "FileServerModuleEx\Sphorium.WebDAV.Examples.FileServer.Module.csproj", "{72211240-771F-4194-9315-02DBB6871A61}"
EndProject
Project("{FAE04EC0-301F-11D3-BF4B-00C04F79EFBC}") = "Sphorium.WebDAV.Server.Framework", "Sphorium.WebDAV.Server.Framework\Sphorium.WebDAV.Server.Framework.csproj", "{9FA99EA4-A640-4463-B3F1-A77CD0616776}"
EndProject
Global
	GlobalSection(SolutionConfigurationPlatforms) = preSolution
		Debug|Any CPU = Debug|Any CPU
		Release|Any CPU = Release|Any CPU
	EndGlobalSection
	GlobalSection(ProjectConfigurationPlatforms) = postSolution
		{4E67C431-F66C-4113-B6B2-5993AFBD3E13}.Debug|Any CPU.ActiveCfg = Debug|Any CPU
		{4E67C431-F66C-4113-B6B2-5993AFBD3E13}.Debug|Any CPU.Build.0 = Debug|Any CPU
		{4E67C431-F66C-4113-B6B2-5993AFBD3E13}.Release|Any CPU.ActiveCfg = Release|Any CPU
		{4E67C431-F66C-4113-B6B2-5993AFBD3E13}.Release|Any CPU.Build.0 = Release|Any CPU
		{72211240-771F-4194-9315-02DBB6871A61}.Debug|Any CPU.ActiveCfg = Debug|Any CPU
		{72211240-771F-4194-9315-02DBB6871A61}.Debug|Any CPU.Build.0 = Debug|Any CPU
		{72211240-771F-4194-9315-02DBB6871A61}.Release|Any CPU.ActiveCfg = Release|Any CPU
		{72211240-771F-4194-9315-02DBB6871A61}.Release|Any CPU.Build.0 = Release|Any CPU
		{9FA99EA4-A640-4463-B3F1-A77CD0616776}.Debug|Any CPU.ActiveCfg = Debug|Any CPU
		{9FA99EA4-A640-4463-B3F1-A77CD0616776}.Debug|Any CPU.Build.0 = Debug|Any CPU
		{9FA99EA4-A640-4463-B3F1-A77CD0616776}.Release|Any CPU.ActiveCfg = Release|Any CPU
		{9FA99EA4-A640-4463-B3F1-A77CD0616776}.Release|Any CPU.Build.0 = Release|Any CPU
	EndGlobalSection
	GlobalSection(SolutionProperties) = preSolution
		HideSolutionNode = FALSE
	EndGlobalSection
EndGlobal
